
Microsoft Visual Studio Solution File, Format Version 12.00
# Visual Studio 15
VisualStudioVersion = 15.0.28010.2016
MinimumVisualStudioVersion = 10.0.40219.1
Project("{FAE04EC0-301F-11D3-BF4B-00C04F79EFBC}") = "rednit", "rednit\rednit.csproj", "{BE804CA1-98D1-4CE9-A11F-398EF25E57E0}"
EndProject
Global
	GlobalSection(SolutionConfigurationPlatforms) = preSolution
		Debug|Any CPU = Debug|Any CPU
		Release|Any CPU = Release|Any CPU
	EndGlobalSection
	GlobalSection(ProjectConfigurationPlatforms) = postSolution
		{BE804CA1-98D1-4CE9-A11F-398EF25E57E0}.Debug|Any CPU.ActiveCfg = Debug|Any CPU
		{BE804CA1-98D1-4CE9-A11F-398EF25E57E0}.Debug|Any CPU.Build.0 = Debug|Any CPU
		{BE804CA1-98D1-4CE9-A11F-398EF25E57E0}.Release|Any CPU.ActiveCfg = Release|Any CPU
		{BE804CA1-98D1-4CE9-A11F-398EF25E57E0}.Release|Any CPU.Build.0 = Release|Any CPU
	EndGlobalSection
	GlobalSection(SolutionProperties) = preSolution
		HideSolutionNode = FALSE
	EndGlobalSection
	GlobalSection(ExtensibilityGlobals) = postSolution
		SolutionGuid = {F6878BE3-33D2-4DE4-B5DD-611F72D4D38C}
	EndGlobalSection
EndGlobal
